
Microsoft Visual Studio Solution File, Format Version 12.00
# Visual Studio Version 17
VisualStudioVersion = 17.3.32819.101
MinimumVisualStudioVersion = 10.0.40219.1
Project("{FAE04EC0-301F-11D3-BF4B-00C04F79EFBC}") = "BookStoreApp.API", "BookStoreApp.API\BookStoreApp.API.csproj", "{10048F94-2168-4DA6-8D88-09408165DA15}"
EndProject
Global
	GlobalSection(SolutionConfigurationPlatforms) = preSolution
		Debug|Any CPU = Debug|Any CPU
		Release|Any CPU = Release|Any CPU
	EndGlobalSection
	GlobalSection(ProjectConfigurationPlatforms) = postSolution
		{10048F94-2168-4DA6-8D88-09408165DA15}.Debug|Any CPU.ActiveCfg = Debug|Any CPU
		{10048F94-2168-4DA6-8D88-09408165DA15}.Debug|Any CPU.Build.0 = Debug|Any CPU
		{10048F94-2168-4DA6-8D88-09408165DA15}.Release|Any CPU.ActiveCfg = Release|Any CPU
		{10048F94-2168-4DA6-8D88-09408165DA15}.Release|Any CPU.Build.0 = Release|Any CPU
	EndGlobalSection
	GlobalSection(SolutionProperties) = preSolution
		HideSolutionNode = FALSE
	EndGlobalSection
	GlobalSection(ExtensibilityGlobals) = postSolution
		SolutionGuid = {C854E676-7E6F-4FFF-8E2B-C65A5FEC20A9}
	EndGlobalSection
EndGlobal
